
Microsoft Visual Studio Solution File, Format Version 12.00
# Visual Studio Version 16
VisualStudioVersion = 16.0.30114.105
MinimumVisualStudioVersion = 10.0.40219.1
Project("{FAE04EC0-301F-11D3-BF4B-00C04F79EFBC}") = "sercer", "sercer\sercer.csproj", "{0AA65BDF-B78F-4173-A3EA-703B1D3828C5}"
EndProject
Global
	GlobalSection(SolutionConfigurationPlatforms) = preSolution
		Debug|Any CPU = Debug|Any CPU
		Release|Any CPU = Release|Any CPU
	EndGlobalSection
	GlobalSection(ProjectConfigurationPlatforms) = postSolution
		{0AA65BDF-B78F-4173-A3EA-703B1D3828C5}.Debug|Any CPU.ActiveCfg = Debug|Any CPU
		{0AA65BDF-B78F-4173-A3EA-703B1D3828C5}.Debug|Any CPU.Build.0 = Debug|Any CPU
		{0AA65BDF-B78F-4173-A3EA-703B1D3828C5}.Release|Any CPU.ActiveCfg = Release|Any CPU
		{0AA65BDF-B78F-4173-A3EA-703B1D3828C5}.Release|Any CPU.Build.0 = Release|Any CPU
	EndGlobalSection
	GlobalSection(SolutionProperties) = preSolution
		HideSolutionNode = FALSE
	EndGlobalSection
	GlobalSection(ExtensibilityGlobals) = postSolution
		SolutionGuid = {BBAF82FA-A2A3-4C81-8E16-1BB7F1D86373}
	EndGlobalSection
EndGlobal
